
Microsoft Visual Studio Solution File, Format Version 12.00
# Visual Studio 15
VisualStudioVersion = 15.0.28307.902
MinimumVisualStudioVersion = 10.0.40219.1
Project("{FAE04EC0-301F-11D3-BF4B-00C04F79EFBC}") = "TheQuest", "TheQuest\TheQuest.csproj", "{498E852C-3AFE-4472-9C70-8E20AB39CB26}"
EndProject
Global
	GlobalSection(SolutionConfigurationPlatforms) = preSolution
		Debug|Any CPU = Debug|Any CPU
		Release|Any CPU = Release|Any CPU
	EndGlobalSection
	GlobalSection(ProjectConfigurationPlatforms) = postSolution
		{498E852C-3AFE-4472-9C70-8E20AB39CB26}.Debug|Any CPU.ActiveCfg = Debug|Any CPU
		{498E852C-3AFE-4472-9C70-8E20AB39CB26}.Debug|Any CPU.Build.0 = Debug|Any CPU
		{498E852C-3AFE-4472-9C70-8E20AB39CB26}.Release|Any CPU.ActiveCfg = Release|Any CPU
		{498E852C-3AFE-4472-9C70-8E20AB39CB26}.Release|Any CPU.Build.0 = Release|Any CPU
	EndGlobalSection
	GlobalSection(SolutionProperties) = preSolution
		HideSolutionNode = FALSE
	EndGlobalSection
	GlobalSection(ExtensibilityGlobals) = postSolution
		SolutionGuid = {CB00E3BA-59BC-4AB8-BAA8-449D68E19FA7}
	EndGlobalSection
EndGlobal
